// !$*UTF8*$!
{
	archiveVersion = 1;
	classes = {
	};
	objectVersion = 50;
	objects = {

/* Begin PBXBuildFile section */
		889228F8234CD8FF00008D1B /* CharacterDetailViewModel.swift in Sources */ = {isa = PBXBuildFile; fileRef = 889228F7234CD8FE00008D1B /* CharacterDetailViewModel.swift */; };
		889228FA234CE5A400008D1B /* UIImageViewExtension.swift in Sources */ = {isa = PBXBuildFile; fileRef = 889228F9234CE5A400008D1B /* UIImageViewExtension.swift */; };
		889228FC234CE85600008D1B /* Serie.swift in Sources */ = {isa = PBXBuildFile; fileRef = 889228FB234CE85600008D1B /* Serie.swift */; };
		889CD205234BD656004DD858 /* ImageMarvel.swift in Sources */ = {isa = PBXBuildFile; fileRef = 889CD204234BD656004DD858 /* ImageMarvel.swift */; };
		88AB686D234B5E9900648BCD /* CharactersAPIService.swift in Sources */ = {isa = PBXBuildFile; fileRef = 88AB686C234B5E9900648BCD /* CharactersAPIService.swift */; };
		88AB686F234B65B100648BCD /* ViewModel.swift in Sources */ = {isa = PBXBuildFile; fileRef = 88AB686E234B65B100648BCD /* ViewModel.swift */; };
		88AB6871234B65C400648BCD /* CharactersListViewModel.swift in Sources */ = {isa = PBXBuildFile; fileRef = 88AB6870234B65C400648BCD /* CharactersListViewModel.swift */; };
		88AB6876234B679400648BCD /* Character.swift in Sources */ = {isa = PBXBuildFile; fileRef = 88AB6875234B679400648BCD /* Character.swift */; };
		88AB6878234B69EA00648BCD /* PaginatedCharacters.swift in Sources */ = {isa = PBXBuildFile; fileRef = 88AB6877234B69EA00648BCD /* PaginatedCharacters.swift */; };
		88AB687A234B6AA100648BCD /* Response.swift in Sources */ = {isa = PBXBuildFile; fileRef = 88AB6879234B6AA100648BCD /* Response.swift */; };
		88C7D384234AB25E00678265 /* AppDelegate.swift in Sources */ = {isa = PBXBuildFile; fileRef = 88C7D383234AB25E00678265 /* AppDelegate.swift */; };
		88C7D386234AB25E00678265 /* SceneDelegate.swift in Sources */ = {isa = PBXBuildFile; fileRef = 88C7D385234AB25E00678265 /* SceneDelegate.swift */; };
		88C7D38B234AB25E00678265 /* Main.storyboard in Resources */ = {isa = PBXBuildFile; fileRef = 88C7D389234AB25E00678265 /* Main.storyboard */; };
		88C7D38D234AB26100678265 /* Assets.xcassets in Resources */ = {isa = PBXBuildFile; fileRef = 88C7D38C234AB26100678265 /* Assets.xcassets */; };
		88C7D390234AB26100678265 /* LaunchScreen.storyboard in Resources */ = {isa = PBXBuildFile; fileRef = 88C7D38E234AB26100678265 /* LaunchScreen.storyboard */; };
		88C7D3AB234AB48100678265 /* LaunchViewController.swift in Sources */ = {isa = PBXBuildFile; fileRef = 88C7D3AA234AB48100678265 /* LaunchViewController.swift */; };
		88C7D3AD234AB4A700678265 /* CharactersListViewController.swift in Sources */ = {isa = PBXBuildFile; fileRef = 88C7D3AC234AB4A700678265 /* CharactersListViewController.swift */; };
		88C7D3AF234AB81D00678265 /* Localizable.strings in Resources */ = {isa = PBXBuildFile; fileRef = 88C7D3AE234AB81D00678265 /* Localizable.strings */; };
		88C7D3B1234AB90D00678265 /* UIColorExtension.swift in Sources */ = {isa = PBXBuildFile; fileRef = 88C7D3B0234AB90D00678265 /* UIColorExtension.swift */; };
		88C7D3B8234ABA6A00678265 /* RobotoCondensed-Light.ttf in Resources */ = {isa = PBXBuildFile; fileRef = 88C7D3B2234ABA6A00678265 /* RobotoCondensed-Light.ttf */; };
		88C7D3B9234ABA6A00678265 /* RobotoCondensed-BoldItalic.ttf in Resources */ = {isa = PBXBuildFile; fileRef = 88C7D3B3234ABA6A00678265 /* RobotoCondensed-BoldItalic.ttf */; };
		88C7D3BA234ABA6A00678265 /* RobotoCondensed-Bold.ttf in Resources */ = {isa = PBXBuildFile; fileRef = 88C7D3B4234ABA6A00678265 /* RobotoCondensed-Bold.ttf */; };
		88C7D3BB234ABA6A00678265 /* RobotoCondensed-Regular.ttf in Resources */ = {isa = PBXBuildFile; fileRef = 88C7D3B5234ABA6A00678265 /* RobotoCondensed-Regular.ttf */; };
		88C7D3BC234ABA6A00678265 /* RobotoCondensed-Italic.ttf in Resources */ = {isa = PBXBuildFile; fileRef = 88C7D3B6234ABA6A00678265 /* RobotoCondensed-Italic.ttf */; };
		88C7D3BD234ABA6A00678265 /* RobotoCondensed-LightItalic.ttf in Resources */ = {isa = PBXBuildFile; fileRef = 88C7D3B7234ABA6A00678265 /* RobotoCondensed-LightItalic.ttf */; };
		88C7D3CB234AD02200678265 /* CustomSearchBar.swift in Sources */ = {isa = PBXBuildFile; fileRef = 88C7D3CA234AD02200678265 /* CustomSearchBar.swift */; };
		88C7D3CE234AD35E00678265 /* CharactersListCell.swift in Sources */ = {isa = PBXBuildFile; fileRef = 88C7D3CD234AD35E00678265 /* CharactersListCell.swift */; };
		88DC6C2C234CA8D9003CF4C3 /* ExtensionSBCharactersListVC.swift in Sources */ = {isa = PBXBuildFile; fileRef = 88DC6C2B234CA8D9003CF4C3 /* ExtensionSBCharactersListVC.swift */; };
		88EA4B35234CD5D8001723B0 /* CharacterDetailViewController.swift in Sources */ = {isa = PBXBuildFile; fileRef = 88EA4B34234CD5D8001723B0 /* CharacterDetailViewController.swift */; };
		88EA4B37234CD6A8001723B0 /* ExtensionCVCharactersListVC.swift in Sources */ = {isa = PBXBuildFile; fileRef = 88EA4B36234CD6A8001723B0 /* ExtensionCVCharactersListVC.swift */; };
		88ECD00B234CFEB9000A9A2C /* Story.swift in Sources */ = {isa = PBXBuildFile; fileRef = 88ECD00A234CFEB9000A9A2C /* Story.swift */; };
		88ECD00D234CFEFE000A9A2C /* Event.swift in Sources */ = {isa = PBXBuildFile; fileRef = 88ECD00C234CFEFE000A9A2C /* Event.swift */; };
		88ECD00F234CFF32000A9A2C /* Comic.swift in Sources */ = {isa = PBXBuildFile; fileRef = 88ECD00E234CFF32000A9A2C /* Comic.swift */; };
		88ECD012234D01F6000A9A2C /* Features.swift in Sources */ = {isa = PBXBuildFile; fileRef = 88ECD011234D01F6000A9A2C /* Features.swift */; };
		88F16795234DE0D5005884FF /* MarvelError.swift in Sources */ = {isa = PBXBuildFile; fileRef = 88F16794234DE0D5005884FF /* MarvelError.swift */; };
		88F16799234DE85F005884FF /* StringExtension.swift in Sources */ = {isa = PBXBuildFile; fileRef = 88F16798234DE85F005884FF /* StringExtension.swift */; };
		88F1679E234E273F005884FF /* ServiceHelper.swift in Sources */ = {isa = PBXBuildFile; fileRef = 88F1679D234E273F005884FF /* ServiceHelper.swift */; };
		88F167A0234E2760005884FF /* APIUrls.swift in Sources */ = {isa = PBXBuildFile; fileRef = 88F1679F234E2760005884FF /* APIUrls.swift */; };
		88F167A2234E28D4005884FF /* AlertHelper.swift in Sources */ = {isa = PBXBuildFile; fileRef = 88F167A1234E28D4005884FF /* AlertHelper.swift */; };
		88F167A5234E2B03005884FF /* ServiceAlertProtocol.swift in Sources */ = {isa = PBXBuildFile; fileRef = 88F167A4234E2B03005884FF /* ServiceAlertProtocol.swift */; };
		88F167A7234E2C46005884FF /* ComicTest.swift in Sources */ = {isa = PBXBuildFile; fileRef = 88F167A6234E2C46005884FF /* ComicTest.swift */; };
		88F167A9234E3455005884FF /* SerieTest.swift in Sources */ = {isa = PBXBuildFile; fileRef = 88F167A8234E3455005884FF /* SerieTest.swift */; };
		88F167AB234E3709005884FF /* EventTest.swift in Sources */ = {isa = PBXBuildFile; fileRef = 88F167AA234E3709005884FF /* EventTest.swift */; };
		88F167AD234E391D005884FF /* StoryTest.swift in Sources */ = {isa = PBXBuildFile; fileRef = 88F167AC234E391D005884FF /* StoryTest.swift */; };
		88F167AF234E39EC005884FF /* ImageMarvelTest.swift in Sources */ = {isa = PBXBuildFile; fileRef = 88F167AE234E39EC005884FF /* ImageMarvelTest.swift */; };
		88F167B2234E3F7B005884FF /* CharacterTest.swift in Sources */ = {isa = PBXBuildFile; fileRef = 88F167B1234E3F7B005884FF /* CharacterTest.swift */; };
		88F167B4234E4286005884FF /* ResponseTests.swift in Sources */ = {isa = PBXBuildFile; fileRef = 88F167B3234E4286005884FF /* ResponseTests.swift */; };
		88F167B6234E4299005884FF /* PaginatedCharactersTest.swift in Sources */ = {isa = PBXBuildFile; fileRef = 88F167B5234E4299005884FF /* PaginatedCharactersTest.swift */; };
		88F167B9234E490A005884FF /* CharacterListCellViewModel.swift in Sources */ = {isa = PBXBuildFile; fileRef = 88F167B8234E490A005884FF /* CharacterListCellViewModel.swift */; };
		88F167BC234E4A14005884FF /* CharacterListCellViewModelTests.swift in Sources */ = {isa = PBXBuildFile; fileRef = 88F167BB234E4A14005884FF /* CharacterListCellViewModelTests.swift */; };
		88F167BE234E4F43005884FF /* CharactersListViewModelTests.swift in Sources */ = {isa = PBXBuildFile; fileRef = 88F167BD234E4F43005884FF /* CharactersListViewModelTests.swift */; };
		88F167C0234E5BE7005884FF /* CharacterDetailViewModel.swift in Sources */ = {isa = PBXBuildFile; fileRef = 88F167BF234E5BE7005884FF /* CharacterDetailViewModel.swift */; };
		88F167C2234E64C6005884FF /* CharactersDatabaseService.swift in Sources */ = {isa = PBXBuildFile; fileRef = 88F167C1234E64C6005884FF /* CharactersDatabaseService.swift */; };
		88F167C7234E6643005884FF /* ServiceHelperTests.swift in Sources */ = {isa = PBXBuildFile; fileRef = 88F167C6234E6643005884FF /* ServiceHelperTests.swift */; };
/* End PBXBuildFile section */

/* Begin PBXContainerItemProxy section */
		88C7D397234AB26100678265 /* PBXContainerItemProxy */ = {
			isa = PBXContainerItemProxy;
			containerPortal = 88C7D378234AB25E00678265 /* Project object */;
			proxyType = 1;
			remoteGlobalIDString = 88C7D37F234AB25E00678265;
			remoteInfo = Marvel;
		};
/* End PBXContainerItemProxy section */

/* Begin PBXCopyFilesBuildPhase section */
		88DC6C33234CB52D003CF4C3 /* Embed Frameworks */ = {
			isa = PBXCopyFilesBuildPhase;
			buildActionMask = 2147483647;
			dstPath = "";
			dstSubfolderSpec = 10;
			files = (
			);
			name = "Embed Frameworks";
			runOnlyForDeploymentPostprocessing = 0;
		};
/* End PBXCopyFilesBuildPhase section */

/* Begin PBXFileReference section */
		889228F7234CD8FE00008D1B /* CharacterDetailViewModel.swift */ = {isa = PBXFileReference; lastKnownFileType = sourcecode.swift; path = CharacterDetailViewModel.swift; sourceTree = "<group>"; };
		889228F9234CE5A400008D1B /* UIImageViewExtension.swift */ = {isa = PBXFileReference; lastKnownFileType = sourcecode.swift; path = UIImageViewExtension.swift; sourceTree = "<group>"; };
		889228FB234CE85600008D1B /* Serie.swift */ = {isa = PBXFileReference; lastKnownFileType = sourcecode.swift; path = Serie.swift; sourceTree = "<group>"; };
		889CD204234BD656004DD858 /* ImageMarvel.swift */ = {isa = PBXFileReference; lastKnownFileType = sourcecode.swift; path = ImageMarvel.swift; sourceTree = "<group>"; };
		88AB686C234B5E9900648BCD /* CharactersAPIService.swift */ = {isa = PBXFileReference; lastKnownFileType = sourcecode.swift; path = CharactersAPIService.swift; sourceTree = "<group>"; };
		88AB686E234B65B100648BCD /* ViewModel.swift */ = {isa = PBXFileReference; lastKnownFileType = sourcecode.swift; path = ViewModel.swift; sourceTree = "<group>"; };
		88AB6870234B65C400648BCD /* CharactersListViewModel.swift */ = {isa = PBXFileReference; lastKnownFileType = sourcecode.swift; path = CharactersListViewModel.swift; sourceTree = "<group>"; };
		88AB6875234B679400648BCD /* Character.swift */ = {isa = PBXFileReference; lastKnownFileType = sourcecode.swift; path = Character.swift; sourceTree = "<group>"; };
		88AB6877234B69EA00648BCD /* PaginatedCharacters.swift */ = {isa = PBXFileReference; lastKnownFileType = sourcecode.swift; path = PaginatedCharacters.swift; sourceTree = "<group>"; };
		88AB6879234B6AA100648BCD /* Response.swift */ = {isa = PBXFileReference; lastKnownFileType = sourcecode.swift; path = Response.swift; sourceTree = "<group>"; };
		88C7D380234AB25E00678265 /* Marvel.app */ = {isa = PBXFileReference; explicitFileType = wrapper.application; includeInIndex = 0; path = Marvel.app; sourceTree = BUILT_PRODUCTS_DIR; };
		88C7D383234AB25E00678265 /* AppDelegate.swift */ = {isa = PBXFileReference; lastKnownFileType = sourcecode.swift; name = AppDelegate.swift; path = ../AppDelegate.swift; sourceTree = "<group>"; };
		88C7D385234AB25E00678265 /* SceneDelegate.swift */ = {isa = PBXFileReference; lastKnownFileType = sourcecode.swift; name = SceneDelegate.swift; path = ../SceneDelegate.swift; sourceTree = "<group>"; };
		88C7D38A234AB25E00678265 /* Base */ = {isa = PBXFileReference; lastKnownFileType = file.storyboard; name = Base; path = Base.lproj/Main.storyboard; sourceTree = "<group>"; };
		88C7D38C234AB26100678265 /* Assets.xcassets */ = {isa = PBXFileReference; lastKnownFileType = folder.assetcatalog; path = Assets.xcassets; sourceTree = "<group>"; };
		88C7D38F234AB26100678265 /* Base */ = {isa = PBXFileReference; lastKnownFileType = file.storyboard; name = Base; path = Base.lproj/LaunchScreen.storyboard; sourceTree = "<group>"; };
		88C7D391234AB26100678265 /* Info.plist */ = {isa = PBXFileReference; lastKnownFileType = text.plist.xml; path = Info.plist; sourceTree = "<group>"; };
		88C7D396234AB26100678265 /* MarvelTests.xctest */ = {isa = PBXFileReference; explicitFileType = wrapper.cfbundle; includeInIndex = 0; path = MarvelTests.xctest; sourceTree = BUILT_PRODUCTS_DIR; };
		88C7D39C234AB26200678265 /* Info.plist */ = {isa = PBXFileReference; lastKnownFileType = text.plist.xml; path = Info.plist; sourceTree = "<group>"; };
		88C7D3AA234AB48100678265 /* LaunchViewController.swift */ = {isa = PBXFileReference; lastKnownFileType = sourcecode.swift; path = LaunchViewController.swift; sourceTree = "<group>"; };
		88C7D3AC234AB4A700678265 /* CharactersListViewController.swift */ = {isa = PBXFileReference; lastKnownFileType = sourcecode.swift; path = CharactersListViewController.swift; sourceTree = "<group>"; };
		88C7D3AE234AB81D00678265 /* Localizable.strings */ = {isa = PBXFileReference; lastKnownFileType = text.plist.strings; path = Localizable.strings; sourceTree = "<group>"; };
		88C7D3B0234AB90D00678265 /* UIColorExtension.swift */ = {isa = PBXFileReference; lastKnownFileType = sourcecode.swift; path = UIColorExtension.swift; sourceTree = "<group>"; };
		88C7D3B2234ABA6A00678265 /* RobotoCondensed-Light.ttf */ = {isa = PBXFileReference; lastKnownFileType = file; name = "RobotoCondensed-Light.ttf"; path = "../../../../Downloads/Roboto_Condensed/RobotoCondensed-Light.ttf"; sourceTree = "<group>"; };
		88C7D3B3234ABA6A00678265 /* RobotoCondensed-BoldItalic.ttf */ = {isa = PBXFileReference; lastKnownFileType = file; name = "RobotoCondensed-BoldItalic.ttf"; path = "../../../../Downloads/Roboto_Condensed/RobotoCondensed-BoldItalic.ttf"; sourceTree = "<group>"; };
		88C7D3B4234ABA6A00678265 /* RobotoCondensed-Bold.ttf */ = {isa = PBXFileReference; lastKnownFileType = file; name = "RobotoCondensed-Bold.ttf"; path = "../../../../Downloads/Roboto_Condensed/RobotoCondensed-Bold.ttf"; sourceTree = "<group>"; };
		88C7D3B5234ABA6A00678265 /* RobotoCondensed-Regular.ttf */ = {isa = PBXFileReference; lastKnownFileType = file; name = "RobotoCondensed-Regular.ttf"; path = "../../../../Downloads/Roboto_Condensed/RobotoCondensed-Regular.ttf"; sourceTree = "<group>"; };
		88C7D3B6234ABA6A00678265 /* RobotoCondensed-Italic.ttf */ = {isa = PBXFileReference; lastKnownFileType = file; name = "RobotoCondensed-Italic.ttf"; path = "../../../../Downloads/Roboto_Condensed/RobotoCondensed-Italic.ttf"; sourceTree = "<group>"; };
		88C7D3B7234ABA6A00678265 /* RobotoCondensed-LightItalic.ttf */ = {isa = PBXFileReference; lastKnownFileType = file; name = "RobotoCondensed-LightItalic.ttf"; path = "../../../../Downloads/Roboto_Condensed/RobotoCondensed-LightItalic.ttf"; sourceTree = "<group>"; };
		88C7D3CA234AD02200678265 /* CustomSearchBar.swift */ = {isa = PBXFileReference; lastKnownFileType = sourcecode.swift; path = CustomSearchBar.swift; sourceTree = "<group>"; };
		88C7D3CD234AD35E00678265 /* CharactersListCell.swift */ = {isa = PBXFileReference; lastKnownFileType = sourcecode.swift; path = CharactersListCell.swift; sourceTree = "<group>"; };
		88DC6C2B234CA8D9003CF4C3 /* ExtensionSBCharactersListVC.swift */ = {isa = PBXFileReference; lastKnownFileType = sourcecode.swift; path = ExtensionSBCharactersListVC.swift; sourceTree = "<group>"; };
		88EA4B34234CD5D8001723B0 /* CharacterDetailViewController.swift */ = {isa = PBXFileReference; lastKnownFileType = sourcecode.swift; path = CharacterDetailViewController.swift; sourceTree = "<group>"; };
		88EA4B36234CD6A8001723B0 /* ExtensionCVCharactersListVC.swift */ = {isa = PBXFileReference; lastKnownFileType = sourcecode.swift; path = ExtensionCVCharactersListVC.swift; sourceTree = "<group>"; };
		88ECD00A234CFEB9000A9A2C /* Story.swift */ = {isa = PBXFileReference; lastKnownFileType = sourcecode.swift; path = Story.swift; sourceTree = "<group>"; };
		88ECD00C234CFEFE000A9A2C /* Event.swift */ = {isa = PBXFileReference; lastKnownFileType = sourcecode.swift; path = Event.swift; sourceTree = "<group>"; };
		88ECD00E234CFF32000A9A2C /* Comic.swift */ = {isa = PBXFileReference; lastKnownFileType = sourcecode.swift; path = Comic.swift; sourceTree = "<group>"; };
		88ECD011234D01F6000A9A2C /* Features.swift */ = {isa = PBXFileReference; lastKnownFileType = sourcecode.swift; path = Features.swift; sourceTree = "<group>"; };
		88F16794234DE0D5005884FF /* MarvelError.swift */ = {isa = PBXFileReference; lastKnownFileType = sourcecode.swift; path = MarvelError.swift; sourceTree = "<group>"; };
		88F16798234DE85F005884FF /* StringExtension.swift */ = {isa = PBXFileReference; lastKnownFileType = sourcecode.swift; path = StringExtension.swift; sourceTree = "<group>"; };
		88F1679D234E273F005884FF /* ServiceHelper.swift */ = {isa = PBXFileReference; lastKnownFileType = sourcecode.swift; path = ServiceHelper.swift; sourceTree = "<group>"; };
		88F1679F234E2760005884FF /* APIUrls.swift */ = {isa = PBXFileReference; lastKnownFileType = sourcecode.swift; path = APIUrls.swift; sourceTree = "<group>"; };
		88F167A1234E28D4005884FF /* AlertHelper.swift */ = {isa = PBXFileReference; lastKnownFileType = sourcecode.swift; path = AlertHelper.swift; sourceTree = "<group>"; };
		88F167A4234E2B03005884FF /* ServiceAlertProtocol.swift */ = {isa = PBXFileReference; lastKnownFileType = sourcecode.swift; path = ServiceAlertProtocol.swift; sourceTree = "<group>"; };
		88F167A6234E2C46005884FF /* ComicTest.swift */ = {isa = PBXFileReference; lastKnownFileType = sourcecode.swift; path = ComicTest.swift; sourceTree = "<group>"; };
		88F167A8234E3455005884FF /* SerieTest.swift */ = {isa = PBXFileReference; lastKnownFileType = sourcecode.swift; path = SerieTest.swift; sourceTree = "<group>"; };
		88F167AA234E3709005884FF /* EventTest.swift */ = {isa = PBXFileReference; lastKnownFileType = sourcecode.swift; path = EventTest.swift; sourceTree = "<group>"; };
		88F167AC234E391D005884FF /* StoryTest.swift */ = {isa = PBXFileReference; lastKnownFileType = sourcecode.swift; path = StoryTest.swift; sourceTree = "<group>"; };
		88F167AE234E39EC005884FF /* ImageMarvelTest.swift */ = {isa = PBXFileReference; lastKnownFileType = sourcecode.swift; path = ImageMarvelTest.swift; sourceTree = "<group>"; };
		88F167B1234E3F7B005884FF /* CharacterTest.swift */ = {isa = PBXFileReference; lastKnownFileType = sourcecode.swift; path = CharacterTest.swift; sourceTree = "<group>"; };
		88F167B3234E4286005884FF /* ResponseTests.swift */ = {isa = PBXFileReference; lastKnownFileType = sourcecode.swift; path = ResponseTests.swift; sourceTree = "<group>"; };
		88F167B5234E4299005884FF /* PaginatedCharactersTest.swift */ = {isa = PBXFileReference; lastKnownFileType = sourcecode.swift; path = PaginatedCharactersTest.swift; sourceTree = "<group>"; };
		88F167B8234E490A005884FF /* CharacterListCellViewModel.swift */ = {isa = PBXFileReference; lastKnownFileType = sourcecode.swift; path = CharacterListCellViewModel.swift; sourceTree = "<group>"; };
		88F167BB234E4A14005884FF /* CharacterListCellViewModelTests.swift */ = {isa = PBXFileReference; lastKnownFileType = sourcecode.swift; path = CharacterListCellViewModelTests.swift; sourceTree = "<group>"; };
		88F167BD234E4F43005884FF /* CharactersListViewModelTests.swift */ = {isa = PBXFileReference; lastKnownFileType = sourcecode.swift; path = CharactersListViewModelTests.swift; sourceTree = "<group>"; };
		88F167BF234E5BE7005884FF /* CharacterDetailViewModel.swift */ = {isa = PBXFileReference; lastKnownFileType = sourcecode.swift; path = CharacterDetailViewModel.swift; sourceTree = "<group>"; };
		88F167C1234E64C6005884FF /* CharactersDatabaseService.swift */ = {isa = PBXFileReference; lastKnownFileType = sourcecode.swift; path = CharactersDatabaseService.swift; sourceTree = "<group>"; };
		88F167C6234E6643005884FF /* ServiceHelperTests.swift */ = {isa = PBXFileReference; lastKnownFileType = sourcecode.swift; path = ServiceHelperTests.swift; sourceTree = "<group>"; };
/* End PBXFileReference section */

/* Begin PBXFrameworksBuildPhase section */
		88C7D37D234AB25E00678265 /* Frameworks */ = {
			isa = PBXFrameworksBuildPhase;
			buildActionMask = 2147483647;
			files = (
			);
			runOnlyForDeploymentPostprocessing = 0;
		};
		88C7D393234AB26100678265 /* Frameworks */ = {
			isa = PBXFrameworksBuildPhase;
			buildActionMask = 2147483647;
			files = (
			);
			runOnlyForDeploymentPostprocessing = 0;
		};
/* End PBXFrameworksBuildPhase section */

/* Begin PBXGroup section */
		88AB6868234B5A9E00648BCD /* Services */ = {
			isa = PBXGroup;
			children = (
				88AB686C234B5E9900648BCD /* CharactersAPIService.swift */,
			);
			path = Services;
			sourceTree = "<group>";
		};
		88AB6869234B5AA200648BCD /* View Models */ = {
			isa = PBXGroup;
			children = (
				88F167B7234E48F0005884FF /* Collection View Cell */,
				88AB686E234B65B100648BCD /* ViewModel.swift */,
				88AB6870234B65C400648BCD /* CharactersListViewModel.swift */,
				889228F7234CD8FE00008D1B /* CharacterDetailViewModel.swift */,
			);
			path = "View Models";
			sourceTree = "<group>";
		};
		88AB6874234B678A00648BCD /* Models */ = {
			isa = PBXGroup;
			children = (
				88AB6879234B6AA100648BCD /* Response.swift */,
				88AB6877234B69EA00648BCD /* PaginatedCharacters.swift */,
				88F16794234DE0D5005884FF /* MarvelError.swift */,
				88AB6875234B679400648BCD /* Character.swift */,
				889228FB234CE85600008D1B /* Serie.swift */,
				88ECD00E234CFF32000A9A2C /* Comic.swift */,
				88ECD00C234CFEFE000A9A2C /* Event.swift */,
				88ECD00A234CFEB9000A9A2C /* Story.swift */,
				889CD204234BD656004DD858 /* ImageMarvel.swift */,
			);
			path = Models;
			sourceTree = "<group>";
		};
		88C7D377234AB25E00678265 = {
			isa = PBXGroup;
			children = (
				88C7D382234AB25E00678265 /* Marvel */,
				88C7D399234AB26200678265 /* MarvelTests */,
				88C7D381234AB25E00678265 /* Products */,
				88C7D3BE234ABB2600678265 /* Frameworks */,
			);
			sourceTree = "<group>";
		};
		88C7D381234AB25E00678265 /* Products */ = {
			isa = PBXGroup;
			children = (
				88C7D380234AB25E00678265 /* Marvel.app */,
				88C7D396234AB26100678265 /* MarvelTests.xctest */,
			);
			name = Products;
			sourceTree = "<group>";
		};
		88C7D382234AB25E00678265 /* Marvel */ = {
			isa = PBXGroup;
			children = (
				88F167A3234E2AF6005884FF /* Protocols */,
				88F1679C234E2731005884FF /* Helpers */,
				88ECD010234D01C7000A9A2C /* Enums */,
				88C7D3A7234AB32900678265 /* Supporting Files */,
				88C7D3C9234AD00D00678265 /* Custom Classes */,
				88C7D3A6234AB31C00678265 /* Extensions */,
				88AB6868234B5A9E00648BCD /* Services */,
				88AB6874234B678A00648BCD /* Models */,
				88AB6869234B5AA200648BCD /* View Models */,
				88C7D3A5234AB2E600678265 /* View Controllers */,
				88C7D389234AB25E00678265 /* Main.storyboard */,
				88C7D38E234AB26100678265 /* LaunchScreen.storyboard */,
				88C7D391234AB26100678265 /* Info.plist */,
				88C7D3AE234AB81D00678265 /* Localizable.strings */,
			);
			path = Marvel;
			sourceTree = "<group>";
		};
		88C7D399234AB26200678265 /* MarvelTests */ = {
			isa = PBXGroup;
			children = (
				88F167C3234E661E005884FF /* HelpersTests */,
				88F167BA234E4A00005884FF /* ViewModelsTests */,
				88F167B0234E3F5F005884FF /* ModelsTests */,
				88C7D39C234AB26200678265 /* Info.plist */,
			);
			path = MarvelTests;
			sourceTree = "<group>";
		};
		88C7D3A5234AB2E600678265 /* View Controllers */ = {
			isa = PBXGroup;
			children = (
				88EA4B33234CD5A3001723B0 /* Character Detail */,
				88C7D3A9234AB3CA00678265 /* Launch */,
				88C7D3A8234AB38300678265 /* Characters List */,
			);
			path = "View Controllers";
			sourceTree = "<group>";
		};
		88C7D3A6234AB31C00678265 /* Extensions */ = {
			isa = PBXGroup;
			children = (
				88C7D3B0234AB90D00678265 /* UIColorExtension.swift */,
				889228F9234CE5A400008D1B /* UIImageViewExtension.swift */,
				88F16798234DE85F005884FF /* StringExtension.swift */,
			);
			path = Extensions;
			sourceTree = "<group>";
		};
		88C7D3A7234AB32900678265 /* Supporting Files */ = {
			isa = PBXGroup;
			children = (
				88C7D3B4234ABA6A00678265 /* RobotoCondensed-Bold.ttf */,
				88C7D3B3234ABA6A00678265 /* RobotoCondensed-BoldItalic.ttf */,
				88C7D3B6234ABA6A00678265 /* RobotoCondensed-Italic.ttf */,
				88C7D3B2234ABA6A00678265 /* RobotoCondensed-Light.ttf */,
				88C7D3B7234ABA6A00678265 /* RobotoCondensed-LightItalic.ttf */,
				88C7D3B5234ABA6A00678265 /* RobotoCondensed-Regular.ttf */,
				88C7D383234AB25E00678265 /* AppDelegate.swift */,
				88C7D385234AB25E00678265 /* SceneDelegate.swift */,
				88C7D38C234AB26100678265 /* Assets.xcassets */,
			);
			path = "Supporting Files";
			sourceTree = "<group>";
		};
		88C7D3A8234AB38300678265 /* Characters List */ = {
			isa = PBXGroup;
			children = (
				88C7D3AC234AB4A700678265 /* CharactersListViewController.swift */,
				88EA4B36234CD6A8001723B0 /* ExtensionCVCharactersListVC.swift */,
				88DC6C2B234CA8D9003CF4C3 /* ExtensionSBCharactersListVC.swift */,
				88C7D3CC234AD33400678265 /* Collection View Cell */,
			);
			path = "Characters List";
			sourceTree = "<group>";
		};
		88C7D3A9234AB3CA00678265 /* Launch */ = {
			isa = PBXGroup;
			children = (
				88C7D3AA234AB48100678265 /* LaunchViewController.swift */,
			);
			path = Launch;
			sourceTree = "<group>";
		};
		88C7D3BE234ABB2600678265 /* Frameworks */ = {
			isa = PBXGroup;
			children = (
			);
			name = Frameworks;
			sourceTree = "<group>";
		};
		88C7D3C9234AD00D00678265 /* Custom Classes */ = {
			isa = PBXGroup;
			children = (
				88C7D3CA234AD02200678265 /* CustomSearchBar.swift */,
			);
			path = "Custom Classes";
			sourceTree = "<group>";
		};
		88C7D3CC234AD33400678265 /* Collection View Cell */ = {
			isa = PBXGroup;
			children = (
				88C7D3CD234AD35E00678265 /* CharactersListCell.swift */,
			);
			path = "Collection View Cell";
			sourceTree = "<group>";
		};
		88EA4B33234CD5A3001723B0 /* Character Detail */ = {
			isa = PBXGroup;
			children = (
				88EA4B34234CD5D8001723B0 /* CharacterDetailViewController.swift */,
			);
			path = "Character Detail";
			sourceTree = "<group>";
		};
		88ECD010234D01C7000A9A2C /* Enums */ = {
			isa = PBXGroup;
			children = (
				88ECD011234D01F6000A9A2C /* Features.swift */,
				88F1679F234E2760005884FF /* APIUrls.swift */,
			);
			path = Enums;
			sourceTree = "<group>";
		};
		88F1679C234E2731005884FF /* Helpers */ = {
			isa = PBXGroup;
			children = (
				88F1679D234E273F005884FF /* ServiceHelper.swift */,
				88F167A1234E28D4005884FF /* AlertHelper.swift */,
			);
			path = Helpers;
			sourceTree = "<group>";
		};
		88F167A3234E2AF6005884FF /* Protocols */ = {
			isa = PBXGroup;
			children = (
				88F167A4234E2B03005884FF /* ServiceAlertProtocol.swift */,
				88F167C1234E64C6005884FF /* CharactersDatabaseService.swift */,
			);
			path = Protocols;
			sourceTree = "<group>";
		};
		88F167B0234E3F5F005884FF /* ModelsTests */ = {
			isa = PBXGroup;
			children = (
				88F167B3234E4286005884FF /* ResponseTests.swift */,
				88F167B5234E4299005884FF /* PaginatedCharactersTest.swift */,
				88F167B1234E3F7B005884FF /* CharacterTest.swift */,
				88F167A6234E2C46005884FF /* ComicTest.swift */,
				88F167A8234E3455005884FF /* SerieTest.swift */,
				88F167AC234E391D005884FF /* StoryTest.swift */,
				88F167AA234E3709005884FF /* EventTest.swift */,
				88F167AE234E39EC005884FF /* ImageMarvelTest.swift */,
			);
			path = ModelsTests;
			sourceTree = "<group>";
		};
		88F167B7234E48F0005884FF /* Collection View Cell */ = {
			isa = PBXGroup;
			children = (
				88F167B8234E490A005884FF /* CharacterListCellViewModel.swift */,
			);
			path = "Collection View Cell";
			sourceTree = "<group>";
		};
		88F167BA234E4A00005884FF /* ViewModelsTests */ = {
			isa = PBXGroup;
			children = (
				88F167BB234E4A14005884FF /* CharacterListCellViewModelTests.swift */,
				88F167BD234E4F43005884FF /* CharactersListViewModelTests.swift */,
				88F167BF234E5BE7005884FF /* CharacterDetailViewModel.swift */,
			);
			path = ViewModelsTests;
			sourceTree = "<group>";
		};
		88F167C3234E661E005884FF /* HelpersTests */ = {
			isa = PBXGroup;
			children = (
				88F167C6234E6643005884FF /* ServiceHelperTests.swift */,
			);
			path = HelpersTests;
			sourceTree = "<group>";
		};
/* End PBXGroup section */

/* Begin PBXNativeTarget section */
		88C7D37F234AB25E00678265 /* Marvel */ = {
			isa = PBXNativeTarget;
			buildConfigurationList = 88C7D39F234AB26200678265 /* Build configuration list for PBXNativeTarget "Marvel" */;
			buildPhases = (
				88C7D37C234AB25E00678265 /* Sources */,
				88C7D37D234AB25E00678265 /* Frameworks */,
				88C7D37E234AB25E00678265 /* Resources */,
				88C7D3C6234ABB4100678265 /* ShellScript */,
				88DC6C33234CB52D003CF4C3 /* Embed Frameworks */,
			);
			buildRules = (
			);
			dependencies = (
			);
			name = Marvel;
			productName = Marvel;
			productReference = 88C7D380234AB25E00678265 /* Marvel.app */;
			productType = "com.apple.product-type.application";
		};
		88C7D395234AB26100678265 /* MarvelTests */ = {
			isa = PBXNativeTarget;
			buildConfigurationList = 88C7D3A2234AB26200678265 /* Build configuration list for PBXNativeTarget "MarvelTests" */;
			buildPhases = (
				88C7D392234AB26100678265 /* Sources */,
				88C7D393234AB26100678265 /* Frameworks */,
				88C7D394234AB26100678265 /* Resources */,
			);
			buildRules = (
			);
			dependencies = (
				88C7D398234AB26100678265 /* PBXTargetDependency */,
			);
			name = MarvelTests;
			productName = MarvelTests;
			productReference = 88C7D396234AB26100678265 /* MarvelTests.xctest */;
			productType = "com.apple.product-type.bundle.unit-test";
		};
/* End PBXNativeTarget section */

/* Begin PBXProject section */
		88C7D378234AB25E00678265 /* Project object */ = {
			isa = PBXProject;
			attributes = {
				LastSwiftUpdateCheck = 1100;
				LastUpgradeCheck = 1100;
				ORGANIZATIONNAME = carlotaprat;
				TargetAttributes = {
					88C7D37F234AB25E00678265 = {
						CreatedOnToolsVersion = 11.0;
					};
					88C7D395234AB26100678265 = {
						CreatedOnToolsVersion = 11.0;
						TestTargetID = 88C7D37F234AB25E00678265;
					};
				};
			};
			buildConfigurationList = 88C7D37B234AB25E00678265 /* Build configuration list for PBXProject "Marvel" */;
			compatibilityVersion = "Xcode 9.3";
			developmentRegion = en;
			hasScannedForEncodings = 0;
			knownRegions = (
				en,
				Base,
			);
			mainGroup = 88C7D377234AB25E00678265;
			productRefGroup = 88C7D381234AB25E00678265 /* Products */;
			projectDirPath = "";
			projectRoot = "";
			targets = (
				88C7D37F234AB25E00678265 /* Marvel */,
				88C7D395234AB26100678265 /* MarvelTests */,
			);
		};
/* End PBXProject section */

/* Begin PBXResourcesBuildPhase section */
		88C7D37E234AB25E00678265 /* Resources */ = {
			isa = PBXResourcesBuildPhase;
			buildActionMask = 2147483647;
			files = (
				88C7D390234AB26100678265 /* LaunchScreen.storyboard in Resources */,
				88C7D3AF234AB81D00678265 /* Localizable.strings in Resources */,
				88C7D3BD234ABA6A00678265 /* RobotoCondensed-LightItalic.ttf in Resources */,
				88C7D3B9234ABA6A00678265 /* RobotoCondensed-BoldItalic.ttf in Resources */,
				88C7D38D234AB26100678265 /* Assets.xcassets in Resources */,
				88C7D3BA234ABA6A00678265 /* RobotoCondensed-Bold.ttf in Resources */,
				88C7D3BC234ABA6A00678265 /* RobotoCondensed-Italic.ttf in Resources */,
				88C7D38B234AB25E00678265 /* Main.storyboard in Resources */,
				88C7D3BB234ABA6A00678265 /* RobotoCondensed-Regular.ttf in Resources */,
				88C7D3B8234ABA6A00678265 /* RobotoCondensed-Light.ttf in Resources */,
			);
			runOnlyForDeploymentPostprocessing = 0;
		};
		88C7D394234AB26100678265 /* Resources */ = {
			isa = PBXResourcesBuildPhase;
			buildActionMask = 2147483647;
			files = (
			);
			runOnlyForDeploymentPostprocessing = 0;
		};
/* End PBXResourcesBuildPhase section */

/* Begin PBXShellScriptBuildPhase section */
		88C7D3C6234ABB4100678265 /* ShellScript */ = {
			isa = PBXShellScriptBuildPhase;
			buildActionMask = 12;
			files = (
			);
			inputFileListPaths = (
			);
			inputPaths = (
				"$(SRCROOT)/Carthage/Build/iOS/Alamofire.framework",
				"$(SRCROOT)/Carthage/Build/iOS/Kingfisher.framework",
				"$(SRCROOT)/Carthage/Build/iOS/SwiftKeychainWrapper.framework",
			);
			outputFileListPaths = (
			);
			outputPaths = (
			);
			runOnlyForDeploymentPostprocessing = 0;
			shellPath = /bin/sh;
			shellScript = "/usr/local/bin/carthage copy-frameworks\n";
		};
/* End PBXShellScriptBuildPhase section */

/* Begin PBXSourcesBuildPhase section */
		88C7D37C234AB25E00678265 /* Sources */ = {
			isa = PBXSourcesBuildPhase;
			buildActionMask = 2147483647;
			files = (
				88F167C2234E64C6005884FF /* CharactersDatabaseService.swift in Sources */,
				88F167B9234E490A005884FF /* CharacterListCellViewModel.swift in Sources */,
				88C7D3CB234AD02200678265 /* CustomSearchBar.swift in Sources */,
				88C7D3CE234AD35E00678265 /* CharactersListCell.swift in Sources */,
				88EA4B35234CD5D8001723B0 /* CharacterDetailViewController.swift in Sources */,
				88F167A2234E28D4005884FF /* AlertHelper.swift in Sources */,
				88AB686F234B65B100648BCD /* ViewModel.swift in Sources */,
				88F1679E234E273F005884FF /* ServiceHelper.swift in Sources */,
				88EA4B37234CD6A8001723B0 /* ExtensionCVCharactersListVC.swift in Sources */,
				88C7D384234AB25E00678265 /* AppDelegate.swift in Sources */,
				88AB687A234B6AA100648BCD /* Response.swift in Sources */,
				889228FA234CE5A400008D1B /* UIImageViewExtension.swift in Sources */,
				88AB686D234B5E9900648BCD /* CharactersAPIService.swift in Sources */,
				88AB6871234B65C400648BCD /* CharactersListViewModel.swift in Sources */,
				88C7D386234AB25E00678265 /* SceneDelegate.swift in Sources */,
				88F16799234DE85F005884FF /* StringExtension.swift in Sources */,
				889CD205234BD656004DD858 /* ImageMarvel.swift in Sources */,
				88F167A5234E2B03005884FF /* ServiceAlertProtocol.swift in Sources */,
				88ECD00D234CFEFE000A9A2C /* Event.swift in Sources */,
				88C7D3B1234AB90D00678265 /* UIColorExtension.swift in Sources */,
				88C7D3AD234AB4A700678265 /* CharactersListViewController.swift in Sources */,
				88ECD012234D01F6000A9A2C /* Features.swift in Sources */,
				88ECD00B234CFEB9000A9A2C /* Story.swift in Sources */,
				88ECD00F234CFF32000A9A2C /* Comic.swift in Sources */,
				88F16795234DE0D5005884FF /* MarvelError.swift in Sources */,
				88DC6C2C234CA8D9003CF4C3 /* ExtensionSBCharactersListVC.swift in Sources */,
				88AB6876234B679400648BCD /* Character.swift in Sources */,
				889228F8234CD8FF00008D1B /* CharacterDetailViewModel.swift in Sources */,
				88AB6878234B69EA00648BCD /* PaginatedCharacters.swift in Sources */,
				88F167A0234E2760005884FF /* APIUrls.swift in Sources */,
				88C7D3AB234AB48100678265 /* LaunchViewController.swift in Sources */,
				889228FC234CE85600008D1B /* Serie.swift in Sources */,
			);
			runOnlyForDeploymentPostprocessing = 0;
		};
		88C7D392234AB26100678265 /* Sources */ = {
			isa = PBXSourcesBuildPhase;
			buildActionMask = 2147483647;
			files = (
				88F167B4234E4286005884FF /* ResponseTests.swift in Sources */,
				88F167AB234E3709005884FF /* EventTest.swift in Sources */,
				88F167AD234E391D005884FF /* StoryTest.swift in Sources */,
				88F167C7234E6643005884FF /* ServiceHelperTests.swift in Sources */,
				88F167AF234E39EC005884FF /* ImageMarvelTest.swift in Sources */,
				88F167B2234E3F7B005884FF /* CharacterTest.swift in Sources */,
				88F167B6234E4299005884FF /* PaginatedCharactersTest.swift in Sources */,
				88F167BC234E4A14005884FF /* CharacterListCellViewModelTests.swift in Sources */,
				88F167A7234E2C46005884FF /* ComicTest.swift in Sources */,
				88F167C0234E5BE7005884FF /* CharacterDetailViewModel.swift in Sources */,
				88F167BE234E4F43005884FF /* CharactersListViewModelTests.swift in Sources */,
				88F167A9234E3455005884FF /* SerieTest.swift in Sources */,
			);
			runOnlyForDeploymentPostprocessing = 0;
		};
/* End PBXSourcesBuildPhase section */

/* Begin PBXTargetDependency section */
		88C7D398234AB26100678265 /* PBXTargetDependency */ = {
			isa = PBXTargetDependency;
			target = 88C7D37F234AB25E00678265 /* Marvel */;
			targetProxy = 88C7D397234AB26100678265 /* PBXContainerItemProxy */;
		};
/* End PBXTargetDependency section */

/* Begin PBXVariantGroup section */
		88C7D389234AB25E00678265 /* Main.storyboard */ = {
			isa = PBXVariantGroup;
			children = (
				88C7D38A234AB25E00678265 /* Base */,
			);
			name = Main.storyboard;
			sourceTree = "<group>";
		};
		88C7D38E234AB26100678265 /* LaunchScreen.storyboard */ = {
			isa = PBXVariantGroup;
			children = (
				88C7D38F234AB26100678265 /* Base */,
			);
			name = LaunchScreen.storyboard;
			sourceTree = "<group>";
		};
/* End PBXVariantGroup section */

/* Begin XCBuildConfiguration section */
		88C7D39D234AB26200678265 /* Debug */ = {
			isa = XCBuildConfiguration;
			buildSettings = {
				ALWAYS_SEARCH_USER_PATHS = NO;
				CLANG_ANALYZER_NONNULL = YES;
				CLANG_ANALYZER_NUMBER_OBJECT_CONVERSION = YES_AGGRESSIVE;
				CLANG_CXX_LANGUAGE_STANDARD = "gnu++14";
				CLANG_CXX_LIBRARY = "libc++";
				CLANG_ENABLE_MODULES = YES;
				CLANG_ENABLE_OBJC_ARC = YES;
				CLANG_ENABLE_OBJC_WEAK = YES;
				CLANG_WARN_BLOCK_CAPTURE_AUTORELEASING = YES;
				CLANG_WARN_BOOL_CONVERSION = YES;
				CLANG_WARN_COMMA = YES;
				CLANG_WARN_CONSTANT_CONVERSION = YES;
				CLANG_WARN_DEPRECATED_OBJC_IMPLEMENTATIONS = YES;
				CLANG_WARN_DIRECT_OBJC_ISA_USAGE = YES_ERROR;
				CLANG_WARN_DOCUMENTATION_COMMENTS = YES;
				CLANG_WARN_EMPTY_BODY = YES;
				CLANG_WARN_ENUM_CONVERSION = YES;
				CLANG_WARN_INFINITE_RECURSION = YES;
				CLANG_WARN_INT_CONVERSION = YES;
				CLANG_WARN_NON_LITERAL_NULL_CONVERSION = YES;
				CLANG_WARN_OBJC_IMPLICIT_RETAIN_SELF = YES;
				CLANG_WARN_OBJC_LITERAL_CONVERSION = YES;
				CLANG_WARN_OBJC_ROOT_CLASS = YES_ERROR;
				CLANG_WARN_RANGE_LOOP_ANALYSIS = YES;
				CLANG_WARN_STRICT_PROTOTYPES = YES;
				CLANG_WARN_SUSPICIOUS_MOVE = YES;
				CLANG_WARN_UNGUARDED_AVAILABILITY = YES_AGGRESSIVE;
				CLANG_WARN_UNREACHABLE_CODE = YES;
				CLANG_WARN__DUPLICATE_METHOD_MATCH = YES;
				COPY_PHASE_STRIP = NO;
				DEBUG_INFORMATION_FORMAT = dwarf;
				ENABLE_STRICT_OBJC_MSGSEND = YES;
				ENABLE_TESTABILITY = YES;
				GCC_C_LANGUAGE_STANDARD = gnu11;
				GCC_DYNAMIC_NO_PIC = NO;
				GCC_NO_COMMON_BLOCKS = YES;
				GCC_OPTIMIZATION_LEVEL = 0;
				GCC_PREPROCESSOR_DEFINITIONS = (
					"DEBUG=1",
					"$(inherited)",
				);
				GCC_WARN_64_TO_32_BIT_CONVERSION = YES;
				GCC_WARN_ABOUT_RETURN_TYPE = YES_ERROR;
				GCC_WARN_UNDECLARED_SELECTOR = YES;
				GCC_WARN_UNINITIALIZED_AUTOS = YES_AGGRESSIVE;
				GCC_WARN_UNUSED_FUNCTION = YES;
				GCC_WARN_UNUSED_VARIABLE = YES;
				IPHONEOS_DEPLOYMENT_TARGET = 13.0;
				MTL_ENABLE_DEBUG_INFO = INCLUDE_SOURCE;
				MTL_FAST_MATH = YES;
				ONLY_ACTIVE_ARCH = YES;
				SDKROOT = iphoneos;
				SWIFT_ACTIVE_COMPILATION_CONDITIONS = DEBUG;
				SWIFT_OPTIMIZATION_LEVEL = "-Onone";
			};
			name = Debug;
		};
		88C7D39E234AB26200678265 /* Release */ = {
			isa = XCBuildConfiguration;
			buildSettings = {
				ALWAYS_SEARCH_USER_PATHS = NO;
				CLANG_ANALYZER_NONNULL = YES;
				CLANG_ANALYZER_NUMBER_OBJECT_CONVERSION = YES_AGGRESSIVE;
				CLANG_CXX_LANGUAGE_STANDARD = "gnu++14";
				CLANG_CXX_LIBRARY = "libc++";
				CLANG_ENABLE_MODULES = YES;
				CLANG_ENABLE_OBJC_ARC = YES;
				CLANG_ENABLE_OBJC_WEAK = YES;
				CLANG_WARN_BLOCK_CAPTURE_AUTORELEASING = YES;
				CLANG_WARN_BOOL_CONVERSION = YES;
				CLANG_WARN_COMMA = YES;
				CLANG_WARN_CONSTANT_CONVERSION = YES;
				CLANG_WARN_DEPRECATED_OBJC_IMPLEMENTATIONS = YES;
				CLANG_WARN_DIRECT_OBJC_ISA_USAGE = YES_ERROR;
				CLANG_WARN_DOCUMENTATION_COMMENTS = YES;
				CLANG_WARN_EMPTY_BODY = YES;
				CLANG_WARN_ENUM_CONVERSION = YES;
				CLANG_WARN_INFINITE_RECURSION = YES;
				CLANG_WARN_INT_CONVERSION = YES;
				CLANG_WARN_NON_LITERAL_NULL_CONVERSION = YES;
				CLANG_WARN_OBJC_IMPLICIT_RETAIN_SELF = YES;
				CLANG_WARN_OBJC_LITERAL_CONVERSION = YES;
				CLANG_WARN_OBJC_ROOT_CLASS = YES_ERROR;
				CLANG_WARN_RANGE_LOOP_ANALYSIS = YES;
				CLANG_WARN_STRICT_PROTOTYPES = YES;
				CLANG_WARN_SUSPICIOUS_MOVE = YES;
				CLANG_WARN_UNGUARDED_AVAILABILITY = YES_AGGRESSIVE;
				CLANG_WARN_UNREACHABLE_CODE = YES;
				CLANG_WARN__DUPLICATE_METHOD_MATCH = YES;
				COPY_PHASE_STRIP = NO;
				DEBUG_INFORMATION_FORMAT = "dwarf-with-dsym";
				ENABLE_NS_ASSERTIONS = NO;
				ENABLE_STRICT_OBJC_MSGSEND = YES;
				GCC_C_LANGUAGE_STANDARD = gnu11;
				GCC_NO_COMMON_BLOCKS = YES;
				GCC_WARN_64_TO_32_BIT_CONVERSION = YES;
				GCC_WARN_ABOUT_RETURN_TYPE = YES_ERROR;
				GCC_WARN_UNDECLARED_SELECTOR = YES;
				GCC_WARN_UNINITIALIZED_AUTOS = YES_AGGRESSIVE;
				GCC_WARN_UNUSED_FUNCTION = YES;
				GCC_WARN_UNUSED_VARIABLE = YES;
				IPHONEOS_DEPLOYMENT_TARGET = 13.0;
				MTL_ENABLE_DEBUG_INFO = NO;
				MTL_FAST_MATH = YES;
				SDKROOT = iphoneos;
				SWIFT_COMPILATION_MODE = wholemodule;
				SWIFT_OPTIMIZATION_LEVEL = "-O";
				VALIDATE_PRODUCT = YES;
			};
			name = Release;
		};
		88C7D3A0234AB26200678265 /* Debug */ = {
			isa = XCBuildConfiguration;
			buildSettings = {
				ASSETCATALOG_COMPILER_APPICON_NAME = AppIcon;
				CODE_SIGN_IDENTITY = "";
				CODE_SIGN_STYLE = Manual;
				DEVELOPMENT_TEAM = "";
				FRAMEWORK_SEARCH_PATHS = (
					"$(inherited)",
					"$(PROJECT_DIR)/Carthage/Build/iOS",
				);
				INFOPLIST_FILE = Marvel/Info.plist;
				LD_RUNPATH_SEARCH_PATHS = (
					"$(inherited)",
					"@executable_path/Frameworks",
				);
				PRODUCT_BUNDLE_IDENTIFIER = com.carlotaprat.marvel2;
				PRODUCT_NAME = "$(TARGET_NAME)";
				PROVISIONING_PROFILE_SPECIFIER = "";
				SWIFT_VERSION = 5.0;
				TARGETED_DEVICE_FAMILY = "1,2";
			};
			name = Debug;
		};
		88C7D3A1234AB26200678265 /* Release */ = {
			isa = XCBuildConfiguration;
			buildSettings = {
				ASSETCATALOG_COMPILER_APPICON_NAME = AppIcon;
				CODE_SIGN_IDENTITY = "";
				CODE_SIGN_STYLE = Manual;
				DEVELOPMENT_TEAM = "";
				FRAMEWORK_SEARCH_PATHS = (
					"$(inherited)",
					"$(PROJECT_DIR)/Carthage/Build/iOS",
				);
				INFOPLIST_FILE = Marvel/Info.plist;
				LD_RUNPATH_SEARCH_PATHS = (
					"$(inherited)",
					"@executable_path/Frameworks",
				);
				PRODUCT_BUNDLE_IDENTIFIER = com.carlotaprat.marvel2;
				PRODUCT_NAME = "$(TARGET_NAME)";
				PROVISIONING_PROFILE_SPECIFIER = "";
				SWIFT_VERSION = 5.0;
				TARGETED_DEVICE_FAMILY = "1,2";
			};
			name = Release;
		};
		88C7D3A3234AB26200678265 /* Debug */ = {
			isa = XCBuildConfiguration;
			buildSettings = {
				ALWAYS_EMBED_SWIFT_STANDARD_LIBRARIES = YES;
				BUNDLE_LOADER = "$(TEST_HOST)";
				CODE_SIGN_STYLE = Automatic;
				INFOPLIST_FILE = MarvelTests/Info.plist;
				IPHONEOS_DEPLOYMENT_TARGET = 13.0;
				LD_RUNPATH_SEARCH_PATHS = (
					"$(inherited)",
					"@executable_path/Frameworks",
					"@loader_path/Frameworks",
				);
				PRODUCT_BUNDLE_IDENTIFIER = com.carlotaprat.MarvelTests;
				PRODUCT_NAME = "$(TARGET_NAME)";
				SWIFT_VERSION = 5.0;
				TARGETED_DEVICE_FAMILY = "1,2";
				TEST_HOST = "$(BUILT_PRODUCTS_DIR)/Marvel.app/Marvel";
			};
			name = Debug;
		};
		88C7D3A4234AB26200678265 /* Release */ = {
			isa = XCBuildConfiguration;
			buildSettings = {
				ALWAYS_EMBED_SWIFT_STANDARD_LIBRARIES = YES;
				BUNDLE_LOADER = "$(TEST_HOST)";
				CODE_SIGN_STYLE = Automatic;
				INFOPLIST_FILE = MarvelTests/Info.plist;
				IPHONEOS_DEPLOYMENT_TARGET = 13.0;
				LD_RUNPATH_SEARCH_PATHS = (
					"$(inherited)",
					"@executable_path/Frameworks",
					"@loader_path/Frameworks",
				);
				PRODUCT_BUNDLE_IDENTIFIER = com.carlotaprat.MarvelTests;
				PRODUCT_NAME = "$(TARGET_NAME)";
				SWIFT_VERSION = 5.0;
				TARGETED_DEVICE_FAMILY = "1,2";
				TEST_HOST = "$(BUILT_PRODUCTS_DIR)/Marvel.app/Marvel";
			};
			name = Release;
		};
/* End XCBuildConfiguration section */

/* Begin XCConfigurationList section */
		88C7D37B234AB25E00678265 /* Build configuration list for PBXProject "Marvel" */ = {
			isa = XCConfigurationList;
			buildConfigurations = (
				88C7D39D234AB26200678265 /* Debug */,
				88C7D39E234AB26200678265 /* Release */,
			);
			defaultConfigurationIsVisible = 0;
			defaultConfigurationName = Debug;
		};
		88C7D39F234AB26200678265 /* Build configuration list for PBXNativeTarget "Marvel" */ = {
			isa = XCConfigurationList;
			buildConfigurations = (
				88C7D3A0234AB26200678265 /* Debug */,
				88C7D3A1234AB26200678265 /* Release */,
			);
			defaultConfigurationIsVisible = 0;
			defaultConfigurationName = Debug;
		};
		88C7D3A2234AB26200678265 /* Build configuration list for PBXNativeTarget "MarvelTests" */ = {
			isa = XCConfigurationList;
			buildConfigurations = (
				88C7D3A3234AB26200678265 /* Debug */,
				88C7D3A4234AB26200678265 /* Release */,
			);
			defaultConfigurationIsVisible = 0;
			defaultConfigurationName = Debug;
		};
/* End XCConfigurationList section */
	};
	rootObject = 88C7D378234AB25E00678265 /* Project object */;
}
